
Microsoft Visual Studio Solution File, Format Version 12.00
# Visual Studio 15
VisualStudioVersion = 15.0.28307.438
MinimumVisualStudioVersion = 10.0.40219.1
Project("{9A19103F-16F7-4668-BE54-9A1E7A4F7556}") = "LambdaForums", "LambdaForums\LambdaForums.csproj", "{DB848A43-9612-404A-B667-D26A7DE5C0E1}"
EndProject
Project("{9A19103F-16F7-4668-BE54-9A1E7A4F7556}") = "LambdaForums.Data", "LambdaForums.Data\LambdaForums.Data.csproj", "{A979862A-10C1-4A85-8598-18D43E442917}"
EndProject
Project("{FAE04EC0-301F-11D3-BF4B-00C04F79EFBC}") = "LambdaForums.Service", "LambdaForums.Service\LambdaForums.Service.csproj", "{4A764DE4-97D7-431C-B46B-D3C74188B417}"
EndProject
Global
	GlobalSection(SolutionConfigurationPlatforms) = preSolution
		Debug|Any CPU = Debug|Any CPU
		Release|Any CPU = Release|Any CPU
	EndGlobalSection
	GlobalSection(ProjectConfigurationPlatforms) = postSolution
		{DB848A43-9612-404A-B667-D26A7DE5C0E1}.Debug|Any CPU.ActiveCfg = Debug|Any CPU
		{DB848A43-9612-404A-B667-D26A7DE5C0E1}.Debug|Any CPU.Build.0 = Debug|Any CPU
		{DB848A43-9612-404A-B667-D26A7DE5C0E1}.Release|Any CPU.ActiveCfg = Release|Any CPU
		{DB848A43-9612-404A-B667-D26A7DE5C0E1}.Release|Any CPU.Build.0 = Release|Any CPU
		{A979862A-10C1-4A85-8598-18D43E442917}.Debug|Any CPU.ActiveCfg = Debug|Any CPU
		{A979862A-10C1-4A85-8598-18D43E442917}.Debug|Any CPU.Build.0 = Debug|Any CPU
		{A979862A-10C1-4A85-8598-18D43E442917}.Release|Any CPU.ActiveCfg = Release|Any CPU
		{A979862A-10C1-4A85-8598-18D43E442917}.Release|Any CPU.Build.0 = Release|Any CPU
		{4A764DE4-97D7-431C-B46B-D3C74188B417}.Debug|Any CPU.ActiveCfg = Debug|Any CPU
		{4A764DE4-97D7-431C-B46B-D3C74188B417}.Debug|Any CPU.Build.0 = Debug|Any CPU
		{4A764DE4-97D7-431C-B46B-D3C74188B417}.Release|Any CPU.ActiveCfg = Release|Any CPU
		{4A764DE4-97D7-431C-B46B-D3C74188B417}.Release|Any CPU.Build.0 = Release|Any CPU
	EndGlobalSection
	GlobalSection(SolutionProperties) = preSolution
		HideSolutionNode = FALSE
	EndGlobalSection
	GlobalSection(ExtensibilityGlobals) = postSolution
		SolutionGuid = {CD0C2485-130D-4C36-AC64-839F2A64AB04}
	EndGlobalSection
EndGlobal
